// !$*UTF8*$!
{
	archiveVersion = 1;
	classes = {
	};
	objectVersion = 51;
	objects = {

/* Begin PBXBuildFile section */
		22DA5129D4C282861CC16E7A /* Pods_SketchApp_SketchAppUITests.framework in Frameworks */ = {isa = PBXBuildFile; fileRef = 657FAE7C17139CC08455C328 /* Pods_SketchApp_SketchAppUITests.framework */; };
		6BBF76982699E34900DF4631 /* AppDelegate.swift in Sources */ = {isa = PBXBuildFile; fileRef = 6BBF76972699E34900DF4631 /* AppDelegate.swift */; };
		6BBF769A2699E34900DF4631 /* SceneDelegate.swift in Sources */ = {isa = PBXBuildFile; fileRef = 6BBF76992699E34900DF4631 /* SceneDelegate.swift */; };
		6BBF769C2699E34900DF4631 /* CanvasViewController.swift in Sources */ = {isa = PBXBuildFile; fileRef = 6BBF769B2699E34900DF4631 /* CanvasViewController.swift */; };
		6BBF769F2699E34900DF4631 /* Main.storyboard in Resources */ = {isa = PBXBuildFile; fileRef = 6BBF769D2699E34900DF4631 /* Main.storyboard */; };
		6BBF76A42699E34C00DF4631 /* Assets.xcassets in Resources */ = {isa = PBXBuildFile; fileRef = 6BBF76A32699E34C00DF4631 /* Assets.xcassets */; };
		6BBF76A72699E34C00DF4631 /* LaunchScreen.storyboard in Resources */ = {isa = PBXBuildFile; fileRef = 6BBF76A52699E34C00DF4631 /* LaunchScreen.storyboard */; };
		6BBF76B22699E34C00DF4631 /* SketchAppTests.swift in Sources */ = {isa = PBXBuildFile; fileRef = 6BBF76B12699E34C00DF4631 /* SketchAppTests.swift */; };
		6BBF76BD2699E34C00DF4631 /* SketchAppUITests.swift in Sources */ = {isa = PBXBuildFile; fileRef = 6BBF76BC2699E34C00DF4631 /* SketchAppUITests.swift */; };
		6BBF76CB269A139E00DF4631 /* ToolButton.swift in Sources */ = {isa = PBXBuildFile; fileRef = 6BBF76CA269A139E00DF4631 /* ToolButton.swift */; };
		6BBF76CC269A139E00DF4631 /* ToolButton.swift in Sources */ = {isa = PBXBuildFile; fileRef = 6BBF76CA269A139E00DF4631 /* ToolButton.swift */; };
		AA3DA96DD1B9775B669C19E9 /* Pods_SketchApp.framework in Frameworks */ = {isa = PBXBuildFile; fileRef = 455C2B6FA90B2846AC3EFF02 /* Pods_SketchApp.framework */; };
		FD0A3361779392D61397C97E /* Pods_SketchAppTests.framework in Frameworks */ = {isa = PBXBuildFile; fileRef = D642C5F20087B0FF5DF8BD22 /* Pods_SketchAppTests.framework */; };
/* End PBXBuildFile section */

/* Begin PBXContainerItemProxy section */
		6BBF76AE2699E34C00DF4631 /* PBXContainerItemProxy */ = {
			isa = PBXContainerItemProxy;
			containerPortal = 6BBF768C2699E34900DF4631 /* Project object */;
			proxyType = 1;
			remoteGlobalIDString = 6BBF76932699E34900DF4631;
			remoteInfo = SketchApp;
		};
		6BBF76B92699E34C00DF4631 /* PBXContainerItemProxy */ = {
			isa = PBXContainerItemProxy;
			containerPortal = 6BBF768C2699E34900DF4631 /* Project object */;
			proxyType = 1;
			remoteGlobalIDString = 6BBF76932699E34900DF4631;
			remoteInfo = SketchApp;
		};
/* End PBXContainerItemProxy section */

/* Begin PBXFileReference section */
		34ACE0D66B6572659DF59F6E /* Pods-SketchApp-SketchAppUITests.release.xcconfig */ = {isa = PBXFileReference; includeInIndex = 1; lastKnownFileType = text.xcconfig; name = "Pods-SketchApp-SketchAppUITests.release.xcconfig"; path = "Target Support Files/Pods-SketchApp-SketchAppUITests/Pods-SketchApp-SketchAppUITests.release.xcconfig"; sourceTree = "<group>"; };
		455C2B6FA90B2846AC3EFF02 /* Pods_SketchApp.framework */ = {isa = PBXFileReference; explicitFileType = wrapper.framework; includeInIndex = 0; path = Pods_SketchApp.framework; sourceTree = BUILT_PRODUCTS_DIR; };
		58532EDF9EBC6E95A3174F88 /* Pods-SketchApp.release.xcconfig */ = {isa = PBXFileReference; includeInIndex = 1; lastKnownFileType = text.xcconfig; name = "Pods-SketchApp.release.xcconfig"; path = "Target Support Files/Pods-SketchApp/Pods-SketchApp.release.xcconfig"; sourceTree = "<group>"; };
		63E75C7BF398A674392B58E5 /* Pods-SketchApp-SketchAppUITests.debug.xcconfig */ = {isa = PBXFileReference; includeInIndex = 1; lastKnownFileType = text.xcconfig; name = "Pods-SketchApp-SketchAppUITests.debug.xcconfig"; path = "Target Support Files/Pods-SketchApp-SketchAppUITests/Pods-SketchApp-SketchAppUITests.debug.xcconfig"; sourceTree = "<group>"; };
		657FAE7C17139CC08455C328 /* Pods_SketchApp_SketchAppUITests.framework */ = {isa = PBXFileReference; explicitFileType = wrapper.framework; includeInIndex = 0; path = Pods_SketchApp_SketchAppUITests.framework; sourceTree = BUILT_PRODUCTS_DIR; };
		6BBF76942699E34900DF4631 /* SketchApp.app */ = {isa = PBXFileReference; explicitFileType = wrapper.application; includeInIndex = 0; path = SketchApp.app; sourceTree = BUILT_PRODUCTS_DIR; };
		6BBF76972699E34900DF4631 /* AppDelegate.swift */ = {isa = PBXFileReference; lastKnownFileType = sourcecode.swift; path = AppDelegate.swift; sourceTree = "<group>"; };
		6BBF76992699E34900DF4631 /* SceneDelegate.swift */ = {isa = PBXFileReference; lastKnownFileType = sourcecode.swift; path = SceneDelegate.swift; sourceTree = "<group>"; };
		6BBF769B2699E34900DF4631 /* CanvasViewController.swift */ = {isa = PBXFileReference; lastKnownFileType = sourcecode.swift; path = CanvasViewController.swift; sourceTree = "<group>"; };
		6BBF769E2699E34900DF4631 /* Base */ = {isa = PBXFileReference; lastKnownFileType = file.storyboard; name = Base; path = Base.lproj/Main.storyboard; sourceTree = "<group>"; };
		6BBF76A32699E34C00DF4631 /* Assets.xcassets */ = {isa = PBXFileReference; lastKnownFileType = folder.assetcatalog; path = Assets.xcassets; sourceTree = "<group>"; };
		6BBF76A62699E34C00DF4631 /* Base */ = {isa = PBXFileReference; lastKnownFileType = file.storyboard; name = Base; path = Base.lproj/LaunchScreen.storyboard; sourceTree = "<group>"; };
		6BBF76A82699E34C00DF4631 /* Info.plist */ = {isa = PBXFileReference; lastKnownFileType = text.plist.xml; path = Info.plist; sourceTree = "<group>"; };
		6BBF76AD2699E34C00DF4631 /* SketchAppTests.xctest */ = {isa = PBXFileReference; explicitFileType = wrapper.cfbundle; includeInIndex = 0; path = SketchAppTests.xctest; sourceTree = BUILT_PRODUCTS_DIR; };
		6BBF76B12699E34C00DF4631 /* SketchAppTests.swift */ = {isa = PBXFileReference; lastKnownFileType = sourcecode.swift; path = SketchAppTests.swift; sourceTree = "<group>"; };
		6BBF76B32699E34C00DF4631 /* Info.plist */ = {isa = PBXFileReference; lastKnownFileType = text.plist.xml; path = Info.plist; sourceTree = "<group>"; };
		6BBF76B82699E34C00DF4631 /* SketchAppUITests.xctest */ = {isa = PBXFileReference; explicitFileType = wrapper.cfbundle; includeInIndex = 0; path = SketchAppUITests.xctest; sourceTree = BUILT_PRODUCTS_DIR; };
		6BBF76BC2699E34C00DF4631 /* SketchAppUITests.swift */ = {isa = PBXFileReference; lastKnownFileType = sourcecode.swift; path = SketchAppUITests.swift; sourceTree = "<group>"; };
		6BBF76BE2699E34C00DF4631 /* Info.plist */ = {isa = PBXFileReference; lastKnownFileType = text.plist.xml; path = Info.plist; sourceTree = "<group>"; };
		6BBF76CA269A139E00DF4631 /* ToolButton.swift */ = {isa = PBXFileReference; lastKnownFileType = sourcecode.swift; path = ToolButton.swift; sourceTree = "<group>"; };
		CED3FC9F08A2F8F3E6BF4A02 /* Pods-SketchApp.debug.xcconfig */ = {isa = PBXFileReference; includeInIndex = 1; lastKnownFileType = text.xcconfig; name = "Pods-SketchApp.debug.xcconfig"; path = "Target Support Files/Pods-SketchApp/Pods-SketchApp.debug.xcconfig"; sourceTree = "<group>"; };
		D642C5F20087B0FF5DF8BD22 /* Pods_SketchAppTests.framework */ = {isa = PBXFileReference; explicitFileType = wrapper.framework; includeInIndex = 0; path = Pods_SketchAppTests.framework; sourceTree = BUILT_PRODUCTS_DIR; };
		E0C5E770944AB5BAA88BB3F1 /* Pods-SketchAppTests.debug.xcconfig */ = {isa = PBXFileReference; includeInIndex = 1; lastKnownFileType = text.xcconfig; name = "Pods-SketchAppTests.debug.xcconfig"; path = "Target Support Files/Pods-SketchAppTests/Pods-SketchAppTests.debug.xcconfig"; sourceTree = "<group>"; };
		E40E07AB85593CD611FA8309 /* Pods-SketchAppTests.release.xcconfig */ = {isa = PBXFileReference; includeInIndex = 1; lastKnownFileType = text.xcconfig; name = "Pods-SketchAppTests.release.xcconfig"; path = "Target Support Files/Pods-SketchAppTests/Pods-SketchAppTests.release.xcconfig"; sourceTree = "<group>"; };
/* End PBXFileReference section */

/* Begin PBXFrameworksBuildPhase section */
		6BBF76912699E34900DF4631 /* Frameworks */ = {
			isa = PBXFrameworksBuildPhase;
			buildActionMask = 2147483647;
			files = (
				AA3DA96DD1B9775B669C19E9 /* Pods_SketchApp.framework in Frameworks */,
			);
			runOnlyForDeploymentPostprocessing = 0;
		};
		6BBF76AA2699E34C00DF4631 /* Frameworks */ = {
			isa = PBXFrameworksBuildPhase;
			buildActionMask = 2147483647;
			files = (
				FD0A3361779392D61397C97E /* Pods_SketchAppTests.framework in Frameworks */,
			);
			runOnlyForDeploymentPostprocessing = 0;
		};
		6BBF76B52699E34C00DF4631 /* Frameworks */ = {
			isa = PBXFrameworksBuildPhase;
			buildActionMask = 2147483647;
			files = (
				22DA5129D4C282861CC16E7A /* Pods_SketchApp_SketchAppUITests.framework in Frameworks */,
			);
			runOnlyForDeploymentPostprocessing = 0;
		};
/* End PBXFrameworksBuildPhase section */

/* Begin PBXGroup section */
		00494AEF72F8734892AA32F4 /* Pods */ = {
			isa = PBXGroup;
			children = (
				CED3FC9F08A2F8F3E6BF4A02 /* Pods-SketchApp.debug.xcconfig */,
				58532EDF9EBC6E95A3174F88 /* Pods-SketchApp.release.xcconfig */,
				63E75C7BF398A674392B58E5 /* Pods-SketchApp-SketchAppUITests.debug.xcconfig */,
				34ACE0D66B6572659DF59F6E /* Pods-SketchApp-SketchAppUITests.release.xcconfig */,
				E0C5E770944AB5BAA88BB3F1 /* Pods-SketchAppTests.debug.xcconfig */,
				E40E07AB85593CD611FA8309 /* Pods-SketchAppTests.release.xcconfig */,
			);
			path = Pods;
			sourceTree = "<group>";
		};
		6BBF768B2699E34900DF4631 = {
			isa = PBXGroup;
			children = (
				6BBF76962699E34900DF4631 /* SketchApp */,
				6BBF76B02699E34C00DF4631 /* SketchAppTests */,
				6BBF76BB2699E34C00DF4631 /* SketchAppUITests */,
				6BBF76952699E34900DF4631 /* Products */,
				00494AEF72F8734892AA32F4 /* Pods */,
				DB7F2A4742A592ED85E7B3B6 /* Frameworks */,
			);
			sourceTree = "<group>";
		};
		6BBF76952699E34900DF4631 /* Products */ = {
			isa = PBXGroup;
			children = (
				6BBF76942699E34900DF4631 /* SketchApp.app */,
				6BBF76AD2699E34C00DF4631 /* SketchAppTests.xctest */,
				6BBF76B82699E34C00DF4631 /* SketchAppUITests.xctest */,
			);
			name = Products;
			sourceTree = "<group>";
		};
		6BBF76962699E34900DF4631 /* SketchApp */ = {
			isa = PBXGroup;
			children = (
				6BBF76972699E34900DF4631 /* AppDelegate.swift */,
				6BBF76992699E34900DF4631 /* SceneDelegate.swift */,
				6BBF769B2699E34900DF4631 /* CanvasViewController.swift */,
				6BBF769D2699E34900DF4631 /* Main.storyboard */,
				6BBF76A32699E34C00DF4631 /* Assets.xcassets */,
				6BBF76A52699E34C00DF4631 /* LaunchScreen.storyboard */,
				6BBF76A82699E34C00DF4631 /* Info.plist */,
				6BBF76CA269A139E00DF4631 /* ToolButton.swift */,
			);
			path = SketchApp;
			sourceTree = "<group>";
		};
		6BBF76B02699E34C00DF4631 /* SketchAppTests */ = {
			isa = PBXGroup;
			children = (
				6BBF76B12699E34C00DF4631 /* SketchAppTests.swift */,
				6BBF76B32699E34C00DF4631 /* Info.plist */,
			);
			path = SketchAppTests;
			sourceTree = "<group>";
		};
		6BBF76BB2699E34C00DF4631 /* SketchAppUITests */ = {
			isa = PBXGroup;
			children = (
				6BBF76BC2699E34C00DF4631 /* SketchAppUITests.swift */,
				6BBF76BE2699E34C00DF4631 /* Info.plist */,
			);
			path = SketchAppUITests;
			sourceTree = "<group>";
		};
		DB7F2A4742A592ED85E7B3B6 /* Frameworks */ = {
			isa = PBXGroup;
			children = (
				455C2B6FA90B2846AC3EFF02 /* Pods_SketchApp.framework */,
				657FAE7C17139CC08455C328 /* Pods_SketchApp_SketchAppUITests.framework */,
				D642C5F20087B0FF5DF8BD22 /* Pods_SketchAppTests.framework */,
			);
			name = Frameworks;
			sourceTree = "<group>";
		};
/* End PBXGroup section */

/* Begin PBXNativeTarget section */
		6BBF76932699E34900DF4631 /* SketchApp */ = {
			isa = PBXNativeTarget;
			buildConfigurationList = 6BBF76C12699E34C00DF4631 /* Build configuration list for PBXNativeTarget "SketchApp" */;
			buildPhases = (
				D8570B0695EA37B9E8CD8C41 /* [CP] Check Pods Manifest.lock */,
				6BBF76902699E34900DF4631 /* Sources */,
				6BBF76912699E34900DF4631 /* Frameworks */,
				6BBF76922699E34900DF4631 /* Resources */,
				38F325ADF3F56DC3E8535B05 /* [CP] Embed Pods Frameworks */,
			);
			buildRules = (
			);
			dependencies = (
			);
			name = SketchApp;
			productName = SketchApp;
			productReference = 6BBF76942699E34900DF4631 /* SketchApp.app */;
			productType = "com.apple.product-type.application";
		};
		6BBF76AC2699E34C00DF4631 /* SketchAppTests */ = {
			isa = PBXNativeTarget;
			buildConfigurationList = 6BBF76C42699E34C00DF4631 /* Build configuration list for PBXNativeTarget "SketchAppTests" */;
			buildPhases = (
				69F31FE0FBBE100E5DFD3CDF /* [CP] Check Pods Manifest.lock */,
				6BBF76A92699E34C00DF4631 /* Sources */,
				6BBF76AA2699E34C00DF4631 /* Frameworks */,
				6BBF76AB2699E34C00DF4631 /* Resources */,
			);
			buildRules = (
			);
			dependencies = (
				6BBF76AF2699E34C00DF4631 /* PBXTargetDependency */,
			);
			name = SketchAppTests;
			productName = SketchAppTests;
			productReference = 6BBF76AD2699E34C00DF4631 /* SketchAppTests.xctest */;
			productType = "com.apple.product-type.bundle.unit-test";
		};
		6BBF76B72699E34C00DF4631 /* SketchAppUITests */ = {
			isa = PBXNativeTarget;
			buildConfigurationList = 6BBF76C72699E34C00DF4631 /* Build configuration list for PBXNativeTarget "SketchAppUITests" */;
			buildPhases = (
				5BE43C2DA14839B512C9CE67 /* [CP] Check Pods Manifest.lock */,
				6BBF76B42699E34C00DF4631 /* Sources */,
				6BBF76B52699E34C00DF4631 /* Frameworks */,
				6BBF76B62699E34C00DF4631 /* Resources */,
				C4AFCD8FB8E1A8D47D1BCCC3 /* [CP] Embed Pods Frameworks */,
			);
			buildRules = (
			);
			dependencies = (
				6BBF76BA2699E34C00DF4631 /* PBXTargetDependency */,
			);
			name = SketchAppUITests;
			productName = SketchAppUITests;
			productReference = 6BBF76B82699E34C00DF4631 /* SketchAppUITests.xctest */;
			productType = "com.apple.product-type.bundle.ui-testing";
		};
/* End PBXNativeTarget section */

/* Begin PBXProject section */
		6BBF768C2699E34900DF4631 /* Project object */ = {
			isa = PBXProject;
			attributes = {
				LastSwiftUpdateCheck = 1250;
				LastUpgradeCheck = 1250;
				TargetAttributes = {
					6BBF76932699E34900DF4631 = {
						CreatedOnToolsVersion = 12.5.1;
					};
					6BBF76AC2699E34C00DF4631 = {
						CreatedOnToolsVersion = 12.5.1;
						TestTargetID = 6BBF76932699E34900DF4631;
					};
					6BBF76B72699E34C00DF4631 = {
						CreatedOnToolsVersion = 12.5.1;
						TestTargetID = 6BBF76932699E34900DF4631;
					};
				};
			};
			buildConfigurationList = 6BBF768F2699E34900DF4631 /* Build configuration list for PBXProject "SketchApp" */;
			compatibilityVersion = "Xcode 9.3";
			developmentRegion = en;
			hasScannedForEncodings = 0;
			knownRegions = (
				en,
				Base,
			);
			mainGroup = 6BBF768B2699E34900DF4631;
			productRefGroup = 6BBF76952699E34900DF4631 /* Products */;
			projectDirPath = "";
			projectRoot = "";
			targets = (
				6BBF76932699E34900DF4631 /* SketchApp */,
				6BBF76AC2699E34C00DF4631 /* SketchAppTests */,
				6BBF76B72699E34C00DF4631 /* SketchAppUITests */,
			);
		};
/* End PBXProject section */

/* Begin PBXResourcesBuildPhase section */
		6BBF76922699E34900DF4631 /* Resources */ = {
			isa = PBXResourcesBuildPhase;
			buildActionMask = 2147483647;
			files = (
				6BBF76A72699E34C00DF4631 /* LaunchScreen.storyboard in Resources */,
				6BBF76A42699E34C00DF4631 /* Assets.xcassets in Resources */,
				6BBF769F2699E34900DF4631 /* Main.storyboard in Resources */,
			);
			runOnlyForDeploymentPostprocessing = 0;
		};
		6BBF76AB2699E34C00DF4631 /* Resources */ = {
			isa = PBXResourcesBuildPhase;
			buildActionMask = 2147483647;
			files = (
			);
			runOnlyForDeploymentPostprocessing = 0;
		};
		6BBF76B62699E34C00DF4631 /* Resources */ = {
			isa = PBXResourcesBuildPhase;
			buildActionMask = 2147483647;
			files = (
			);
			runOnlyForDeploymentPostprocessing = 0;
		};
/* End PBXResourcesBuildPhase section */

/* Begin PBXShellScriptBuildPhase section */
		38F325ADF3F56DC3E8535B05 /* [CP] Embed Pods Frameworks */ = {
			isa = PBXShellScriptBuildPhase;
			buildActionMask = 2147483647;
			files = (
			);
			inputFileListPaths = (
				"${PODS_ROOT}/Target Support Files/Pods-SketchApp/Pods-SketchApp-frameworks-${CONFIGURATION}-input-files.xcfilelist",
			);
			name = "[CP] Embed Pods Frameworks";
			outputFileListPaths = (
				"${PODS_ROOT}/Target Support Files/Pods-SketchApp/Pods-SketchApp-frameworks-${CONFIGURATION}-output-files.xcfilelist",
			);
			runOnlyForDeploymentPostprocessing = 0;
			shellPath = /bin/sh;
			shellScript = "\"${PODS_ROOT}/Target Support Files/Pods-SketchApp/Pods-SketchApp-frameworks.sh\"\n";
			showEnvVarsInLog = 0;
		};
		5BE43C2DA14839B512C9CE67 /* [CP] Check Pods Manifest.lock */ = {
			isa = PBXShellScriptBuildPhase;
			buildActionMask = 2147483647;
			files = (
			);
			inputFileListPaths = (
			);
			inputPaths = (
				"${PODS_PODFILE_DIR_PATH}/Podfile.lock",
				"${PODS_ROOT}/Manifest.lock",
			);
			name = "[CP] Check Pods Manifest.lock";
			outputFileListPaths = (
			);
			outputPaths = (
				"$(DERIVED_FILE_DIR)/Pods-SketchApp-SketchAppUITests-checkManifestLockResult.txt",
			);
			runOnlyForDeploymentPostprocessing = 0;
			shellPath = /bin/sh;
			shellScript = "diff \"${PODS_PODFILE_DIR_PATH}/Podfile.lock\" \"${PODS_ROOT}/Manifest.lock\" > /dev/null\nif [ $? != 0 ] ; then\n    # print error to STDERR\n    echo \"error: The sandbox is not in sync with the Podfile.lock. Run 'pod install' or update your CocoaPods installation.\" >&2\n    exit 1\nfi\n# This output is used by Xcode 'outputs' to avoid re-running this script phase.\necho \"SUCCESS\" > \"${SCRIPT_OUTPUT_FILE_0}\"\n";
			showEnvVarsInLog = 0;
		};
		69F31FE0FBBE100E5DFD3CDF /* [CP] Check Pods Manifest.lock */ = {
			isa = PBXShellScriptBuildPhase;
			buildActionMask = 2147483647;
			files = (
			);
			inputFileListPaths = (
			);
			inputPaths = (
				"${PODS_PODFILE_DIR_PATH}/Podfile.lock",
				"${PODS_ROOT}/Manifest.lock",
			);
			name = "[CP] Check Pods Manifest.lock";
			outputFileListPaths = (
			);
			outputPaths = (
				"$(DERIVED_FILE_DIR)/Pods-SketchAppTests-checkManifestLockResult.txt",
			);
			runOnlyForDeploymentPostprocessing = 0;
			shellPath = /bin/sh;
			shellScript = "diff \"${PODS_PODFILE_DIR_PATH}/Podfile.lock\" \"${PODS_ROOT}/Manifest.lock\" > /dev/null\nif [ $? != 0 ] ; then\n    # print error to STDERR\n    echo \"error: The sandbox is not in sync with the Podfile.lock. Run 'pod install' or update your CocoaPods installation.\" >&2\n    exit 1\nfi\n# This output is used by Xcode 'outputs' to avoid re-running this script phase.\necho \"SUCCESS\" > \"${SCRIPT_OUTPUT_FILE_0}\"\n";
			showEnvVarsInLog = 0;
		};
		C4AFCD8FB8E1A8D47D1BCCC3 /* [CP] Embed Pods Frameworks */ = {
			isa = PBXShellScriptBuildPhase;
			buildActionMask = 2147483647;
			files = (
			);
			inputFileListPaths = (
				"${PODS_ROOT}/Target Support Files/Pods-SketchApp-SketchAppUITests/Pods-SketchApp-SketchAppUITests-frameworks-${CONFIGURATION}-input-files.xcfilelist",
			);
			name = "[CP] Embed Pods Frameworks";
			outputFileListPaths = (
				"${PODS_ROOT}/Target Support Files/Pods-SketchApp-SketchAppUITests/Pods-SketchApp-SketchAppUITests-frameworks-${CONFIGURATION}-output-files.xcfilelist",
			);
			runOnlyForDeploymentPostprocessing = 0;
			shellPath = /bin/sh;
			shellScript = "\"${PODS_ROOT}/Target Support Files/Pods-SketchApp-SketchAppUITests/Pods-SketchApp-SketchAppUITests-frameworks.sh\"\n";
			showEnvVarsInLog = 0;
		};
		D8570B0695EA37B9E8CD8C41 /* [CP] Check Pods Manifest.lock */ = {
			isa = PBXShellScriptBuildPhase;
			buildActionMask = 2147483647;
			files = (
			);
			inputFileListPaths = (
			);
			inputPaths = (
				"${PODS_PODFILE_DIR_PATH}/Podfile.lock",
				"${PODS_ROOT}/Manifest.lock",
			);
			name = "[CP] Check Pods Manifest.lock";
			outputFileListPaths = (
			);
			outputPaths = (
				"$(DERIVED_FILE_DIR)/Pods-SketchApp-checkManifestLockResult.txt",
			);
			runOnlyForDeploymentPostprocessing = 0;
			shellPath = /bin/sh;
			shellScript = "diff \"${PODS_PODFILE_DIR_PATH}/Podfile.lock\" \"${PODS_ROOT}/Manifest.lock\" > /dev/null\nif [ $? != 0 ] ; then\n    # print error to STDERR\n    echo \"error: The sandbox is not in sync with the Podfile.lock. Run 'pod install' or update your CocoaPods installation.\" >&2\n    exit 1\nfi\n# This output is used by Xcode 'outputs' to avoid re-running this script phase.\necho \"SUCCESS\" > \"${SCRIPT_OUTPUT_FILE_0}\"\n";
			showEnvVarsInLog = 0;
		};
/* End PBXShellScriptBuildPhase section */

/* Begin PBXSourcesBuildPhase section */
		6BBF76902699E34900DF4631 /* Sources */ = {
			isa = PBXSourcesBuildPhase;
			buildActionMask = 2147483647;
			files = (
				6BBF769C2699E34900DF4631 /* CanvasViewController.swift in Sources */,
				6BBF76CB269A139E00DF4631 /* ToolButton.swift in Sources */,
				6BBF76982699E34900DF4631 /* AppDelegate.swift in Sources */,
				6BBF769A2699E34900DF4631 /* SceneDelegate.swift in Sources */,
			);
			runOnlyForDeploymentPostprocessing = 0;
		};
		6BBF76A92699E34C00DF4631 /* Sources */ = {
			isa = PBXSourcesBuildPhase;
			buildActionMask = 2147483647;
			files = (
				6BBF76B22699E34C00DF4631 /* SketchAppTests.swift in Sources */,
				6BBF76CC269A139E00DF4631 /* ToolButton.swift in Sources */,
			);
			runOnlyForDeploymentPostprocessing = 0;
		};
		6BBF76B42699E34C00DF4631 /* Sources */ = {
			isa = PBXSourcesBuildPhase;
			buildActionMask = 2147483647;
			files = (
				6BBF76BD2699E34C00DF4631 /* SketchAppUITests.swift in Sources */,
			);
			runOnlyForDeploymentPostprocessing = 0;
		};
/* End PBXSourcesBuildPhase section */

/* Begin PBXTargetDependency section */
		6BBF76AF2699E34C00DF4631 /* PBXTargetDependency */ = {
			isa = PBXTargetDependency;
			target = 6BBF76932699E34900DF4631 /* SketchApp */;
			targetProxy = 6BBF76AE2699E34C00DF4631 /* PBXContainerItemProxy */;
		};
		6BBF76BA2699E34C00DF4631 /* PBXTargetDependency */ = {
			isa = PBXTargetDependency;
			target = 6BBF76932699E34900DF4631 /* SketchApp */;
			targetProxy = 6BBF76B92699E34C00DF4631 /* PBXContainerItemProxy */;
		};
/* End PBXTargetDependency section */

/* Begin PBXVariantGroup section */
		6BBF769D2699E34900DF4631 /* Main.storyboard */ = {
			isa = PBXVariantGroup;
			children = (
				6BBF769E2699E34900DF4631 /* Base */,
			);
			name = Main.storyboard;
			sourceTree = "<group>";
		};
		6BBF76A52699E34C00DF4631 /* LaunchScreen.storyboard */ = {
			isa = PBXVariantGroup;
			children = (
				6BBF76A62699E34C00DF4631 /* Base */,
			);
			name = LaunchScreen.storyboard;
			sourceTree = "<group>";
		};
/* End PBXVariantGroup section */

/* Begin XCBuildConfiguration section */
		6BBF76BF2699E34C00DF4631 /* Debug */ = {
			isa = XCBuildConfiguration;
			buildSettings = {
				ALWAYS_SEARCH_USER_PATHS = NO;
				CLANG_ANALYZER_NONNULL = YES;
				CLANG_ANALYZER_NUMBER_OBJECT_CONVERSION = YES_AGGRESSIVE;
				CLANG_CXX_LANGUAGE_STANDARD = "gnu++14";
				CLANG_CXX_LIBRARY = "libc++";
				CLANG_ENABLE_MODULES = YES;
				CLANG_ENABLE_OBJC_ARC = YES;
				CLANG_ENABLE_OBJC_WEAK = YES;
				CLANG_WARN_BLOCK_CAPTURE_AUTORELEASING = YES;
				CLANG_WARN_BOOL_CONVERSION = YES;
				CLANG_WARN_COMMA = YES;
				CLANG_WARN_CONSTANT_CONVERSION = YES;
				CLANG_WARN_DEPRECATED_OBJC_IMPLEMENTATIONS = YES;
				CLANG_WARN_DIRECT_OBJC_ISA_USAGE = YES_ERROR;
				CLANG_WARN_DOCUMENTATION_COMMENTS = YES;
				CLANG_WARN_EMPTY_BODY = YES;
				CLANG_WARN_ENUM_CONVERSION = YES;
				CLANG_WARN_INFINITE_RECURSION = YES;
				CLANG_WARN_INT_CONVERSION = YES;
				CLANG_WARN_NON_LITERAL_NULL_CONVERSION = YES;
				CLANG_WARN_OBJC_IMPLICIT_RETAIN_SELF = YES;
				CLANG_WARN_OBJC_LITERAL_CONVERSION = YES;
				CLANG_WARN_OBJC_ROOT_CLASS = YES_ERROR;
				CLANG_WARN_QUOTED_INCLUDE_IN_FRAMEWORK_HEADER = YES;
				CLANG_WARN_RANGE_LOOP_ANALYSIS = YES;
				CLANG_WARN_STRICT_PROTOTYPES = YES;
				CLANG_WARN_SUSPICIOUS_MOVE = YES;
				CLANG_WARN_UNGUARDED_AVAILABILITY = YES_AGGRESSIVE;
				CLANG_WARN_UNREACHABLE_CODE = YES;
				CLANG_WARN__DUPLICATE_METHOD_MATCH = YES;
				COPY_PHASE_STRIP = NO;
				DEBUG_INFORMATION_FORMAT = dwarf;
				ENABLE_STRICT_OBJC_MSGSEND = YES;
				ENABLE_TESTABILITY = YES;
				GCC_C_LANGUAGE_STANDARD = gnu11;
				GCC_DYNAMIC_NO_PIC = NO;
				GCC_NO_COMMON_BLOCKS = YES;
				GCC_OPTIMIZATION_LEVEL = 0;
				GCC_PREPROCESSOR_DEFINITIONS = (
					"DEBUG=1",
					"$(inherited)",
				);
				GCC_WARN_64_TO_32_BIT_CONVERSION = YES;
				GCC_WARN_ABOUT_RETURN_TYPE = YES_ERROR;
				GCC_WARN_UNDECLARED_SELECTOR = YES;
				GCC_WARN_UNINITIALIZED_AUTOS = YES_AGGRESSIVE;
				GCC_WARN_UNUSED_FUNCTION = YES;
				GCC_WARN_UNUSED_VARIABLE = YES;
				IPHONEOS_DEPLOYMENT_TARGET = 14.5;
				MTL_ENABLE_DEBUG_INFO = INCLUDE_SOURCE;
				MTL_FAST_MATH = YES;
				ONLY_ACTIVE_ARCH = YES;
				SDKROOT = iphoneos;
				SWIFT_ACTIVE_COMPILATION_CONDITIONS = DEBUG;
				SWIFT_OPTIMIZATION_LEVEL = "-Onone";
			};
			name = Debug;
		};
		6BBF76C02699E34C00DF4631 /* Release */ = {
			isa = XCBuildConfiguration;
			buildSettings = {
				ALWAYS_SEARCH_USER_PATHS = NO;
				CLANG_ANALYZER_NONNULL = YES;
				CLANG_ANALYZER_NUMBER_OBJECT_CONVERSION = YES_AGGRESSIVE;
				CLANG_CXX_LANGUAGE_STANDARD = "gnu++14";
				CLANG_CXX_LIBRARY = "libc++";
				CLANG_ENABLE_MODULES = YES;
				CLANG_ENABLE_OBJC_ARC = YES;
				CLANG_ENABLE_OBJC_WEAK = YES;
				CLANG_WARN_BLOCK_CAPTURE_AUTORELEASING = YES;
				CLANG_WARN_BOOL_CONVERSION = YES;
				CLANG_WARN_COMMA = YES;
				CLANG_WARN_CONSTANT_CONVERSION = YES;
				CLANG_WARN_DEPRECATED_OBJC_IMPLEMENTATIONS = YES;
				CLANG_WARN_DIRECT_OBJC_ISA_USAGE = YES_ERROR;
				CLANG_WARN_DOCUMENTATION_COMMENTS = YES;
				CLANG_WARN_EMPTY_BODY = YES;
				CLANG_WARN_ENUM_CONVERSION = YES;
				CLANG_WARN_INFINITE_RECURSION = YES;
				CLANG_WARN_INT_CONVERSION = YES;
				CLANG_WARN_NON_LITERAL_NULL_CONVERSION = YES;
				CLANG_WARN_OBJC_IMPLICIT_RETAIN_SELF = YES;
				CLANG_WARN_OBJC_LITERAL_CONVERSION = YES;
				CLANG_WARN_OBJC_ROOT_CLASS = YES_ERROR;
				CLANG_WARN_QUOTED_INCLUDE_IN_FRAMEWORK_HEADER = YES;
				CLANG_WARN_RANGE_LOOP_ANALYSIS = YES;
				CLANG_WARN_STRICT_PROTOTYPES = YES;
				CLANG_WARN_SUSPICIOUS_MOVE = YES;
				CLANG_WARN_UNGUARDED_AVAILABILITY = YES_AGGRESSIVE;
				CLANG_WARN_UNREACHABLE_CODE = YES;
				CLANG_WARN__DUPLICATE_METHOD_MATCH = YES;
				COPY_PHASE_STRIP = NO;
				DEBUG_INFORMATION_FORMAT = "dwarf-with-dsym";
				ENABLE_NS_ASSERTIONS = NO;
				ENABLE_STRICT_OBJC_MSGSEND = YES;
				GCC_C_LANGUAGE_STANDARD = gnu11;
				GCC_NO_COMMON_BLOCKS = YES;
				GCC_WARN_64_TO_32_BIT_CONVERSION = YES;
				GCC_WARN_ABOUT_RETURN_TYPE = YES_ERROR;
				GCC_WARN_UNDECLARED_SELECTOR = YES;
				GCC_WARN_UNINITIALIZED_AUTOS = YES_AGGRESSIVE;
				GCC_WARN_UNUSED_FUNCTION = YES;
				GCC_WARN_UNUSED_VARIABLE = YES;
				IPHONEOS_DEPLOYMENT_TARGET = 14.5;
				MTL_ENABLE_DEBUG_INFO = NO;
				MTL_FAST_MATH = YES;
				SDKROOT = iphoneos;
				SWIFT_COMPILATION_MODE = wholemodule;
				SWIFT_OPTIMIZATION_LEVEL = "-O";
				VALIDATE_PRODUCT = YES;
			};
			name = Release;
		};
		6BBF76C22699E34C00DF4631 /* Debug */ = {
			isa = XCBuildConfiguration;
			baseConfigurationReference = CED3FC9F08A2F8F3E6BF4A02 /* Pods-SketchApp.debug.xcconfig */;
			buildSettings = {
				ASSETCATALOG_COMPILER_APPICON_NAME = AppIcon;
				ASSETCATALOG_COMPILER_GLOBAL_ACCENT_COLOR_NAME = AccentColor;
				CODE_SIGN_STYLE = Automatic;
				DEVELOPMENT_TEAM = L2N9WY9T58;
				INFOPLIST_FILE = SketchApp/Info.plist;
				LD_RUNPATH_SEARCH_PATHS = (
					"$(inherited)",
					"@executable_path/Frameworks",
				);
				PRODUCT_BUNDLE_IDENTIFIER = com.Munok.SketchApp;
				PRODUCT_NAME = "$(TARGET_NAME)";
				SWIFT_VERSION = 5.0;
				TARGETED_DEVICE_FAMILY = "1,2";
			};
			name = Debug;
		};
		6BBF76C32699E34C00DF4631 /* Release */ = {
			isa = XCBuildConfiguration;
			baseConfigurationReference = 58532EDF9EBC6E95A3174F88 /* Pods-SketchApp.release.xcconfig */;
			buildSettings = {
				ASSETCATALOG_COMPILER_APPICON_NAME = AppIcon;
				ASSETCATALOG_COMPILER_GLOBAL_ACCENT_COLOR_NAME = AccentColor;
				CODE_SIGN_STYLE = Automatic;
				DEVELOPMENT_TEAM = L2N9WY9T58;
				INFOPLIST_FILE = SketchApp/Info.plist;
				LD_RUNPATH_SEARCH_PATHS = (
					"$(inherited)",
					"@executable_path/Frameworks",
				);
				PRODUCT_BUNDLE_IDENTIFIER = com.Munok.SketchApp;
				PRODUCT_NAME = "$(TARGET_NAME)";
				SWIFT_VERSION = 5.0;
				TARGETED_DEVICE_FAMILY = "1,2";
			};
			name = Release;
		};
		6BBF76C52699E34C00DF4631 /* Debug */ = {
			isa = XCBuildConfiguration;
			baseConfigurationReference = E0C5E770944AB5BAA88BB3F1 /* Pods-SketchAppTests.debug.xcconfig */;
			buildSettings = {
				ALWAYS_EMBED_SWIFT_STANDARD_LIBRARIES = YES;
				BUNDLE_LOADER = "$(TEST_HOST)";
				CODE_SIGN_STYLE = Automatic;
				DEVELOPMENT_TEAM = L2N9WY9T58;
				INFOPLIST_FILE = SketchAppTests/Info.plist;
				IPHONEOS_DEPLOYMENT_TARGET = 14.5;
				LD_RUNPATH_SEARCH_PATHS = (
					"$(inherited)",
					"@executable_path/Frameworks",
					"@loader_path/Frameworks",
				);
				PRODUCT_BUNDLE_IDENTIFIER = com.Munok.SketchAppTests;
				PRODUCT_NAME = "$(TARGET_NAME)";
				SWIFT_VERSION = 5.0;
				TARGETED_DEVICE_FAMILY = "1,2";
				TEST_HOST = "$(BUILT_PRODUCTS_DIR)/SketchApp.app/SketchApp";
			};
			name = Debug;
		};
		6BBF76C62699E34C00DF4631 /* Release */ = {
			isa = XCBuildConfiguration;
			baseConfigurationReference = E40E07AB85593CD611FA8309 /* Pods-SketchAppTests.release.xcconfig */;
			buildSettings = {
				ALWAYS_EMBED_SWIFT_STANDARD_LIBRARIES = YES;
				BUNDLE_LOADER = "$(TEST_HOST)";
				CODE_SIGN_STYLE = Automatic;
				DEVELOPMENT_TEAM = L2N9WY9T58;
				INFOPLIST_FILE = SketchAppTests/Info.plist;
				IPHONEOS_DEPLOYMENT_TARGET = 14.5;
				LD_RUNPATH_SEARCH_PATHS = (
					"$(inherited)",
					"@executable_path/Frameworks",
					"@loader_path/Frameworks",
				);
				PRODUCT_BUNDLE_IDENTIFIER = com.Munok.SketchAppTests;
				PRODUCT_NAME = "$(TARGET_NAME)";
				SWIFT_VERSION = 5.0;
				TARGETED_DEVICE_FAMILY = "1,2";
				TEST_HOST = "$(BUILT_PRODUCTS_DIR)/SketchApp.app/SketchApp";
			};
			name = Release;
		};
		6BBF76C82699E34C00DF4631 /* Debug */ = {
			isa = XCBuildConfiguration;
			baseConfigurationReference = 63E75C7BF398A674392B58E5 /* Pods-SketchApp-SketchAppUITests.debug.xcconfig */;
			buildSettings = {
				ALWAYS_EMBED_SWIFT_STANDARD_LIBRARIES = YES;
				CODE_SIGN_STYLE = Automatic;
				DEVELOPMENT_TEAM = L2N9WY9T58;
				INFOPLIST_FILE = SketchAppUITests/Info.plist;
				LD_RUNPATH_SEARCH_PATHS = (
					"$(inherited)",
					"@executable_path/Frameworks",
					"@loader_path/Frameworks",
				);
				PRODUCT_BUNDLE_IDENTIFIER = com.Munok.SketchAppUITests;
				PRODUCT_NAME = "$(TARGET_NAME)";
				SWIFT_VERSION = 5.0;
				TARGETED_DEVICE_FAMILY = "1,2";
				TEST_TARGET_NAME = SketchApp;
			};
			name = Debug;
		};
		6BBF76C92699E34C00DF4631 /* Release */ = {
			isa = XCBuildConfiguration;
			baseConfigurationReference = 34ACE0D66B6572659DF59F6E /* Pods-SketchApp-SketchAppUITests.release.xcconfig */;
			buildSettings = {
				ALWAYS_EMBED_SWIFT_STANDARD_LIBRARIES = YES;
				CODE_SIGN_STYLE = Automatic;
				DEVELOPMENT_TEAM = L2N9WY9T58;
				INFOPLIST_FILE = SketchAppUITests/Info.plist;
				LD_RUNPATH_SEARCH_PATHS = (
					"$(inherited)",
					"@executable_path/Frameworks",
					"@loader_path/Frameworks",
				);
				PRODUCT_BUNDLE_IDENTIFIER = com.Munok.SketchAppUITests;
				PRODUCT_NAME = "$(TARGET_NAME)";
				SWIFT_VERSION = 5.0;
				TARGETED_DEVICE_FAMILY = "1,2";
				TEST_TARGET_NAME = SketchApp;
			};
			name = Release;
		};
/* End XCBuildConfiguration section */

/* Begin XCConfigurationList section */
		6BBF768F2699E34900DF4631 /* Build configuration list for PBXProject "SketchApp" */ = {
			isa = XCConfigurationList;
			buildConfigurations = (
				6BBF76BF2699E34C00DF4631 /* Debug */,
				6BBF76C02699E34C00DF4631 /* Release */,
			);
			defaultConfigurationIsVisible = 0;
			defaultConfigurationName = Release;
		};
		6BBF76C12699E34C00DF4631 /* Build configuration list for PBXNativeTarget "SketchApp" */ = {
			isa = XCConfigurationList;
			buildConfigurations = (
				6BBF76C22699E34C00DF4631 /* Debug */,
				6BBF76C32699E34C00DF4631 /* Release */,
			);
			defaultConfigurationIsVisible = 0;
			defaultConfigurationName = Release;
		};
		6BBF76C42699E34C00DF4631 /* Build configuration list for PBXNativeTarget "SketchAppTests" */ = {
			isa = XCConfigurationList;
			buildConfigurations = (
				6BBF76C52699E34C00DF4631 /* Debug */,
				6BBF76C62699E34C00DF4631 /* Release */,
			);
			defaultConfigurationIsVisible = 0;
			defaultConfigurationName = Release;
		};
		6BBF76C72699E34C00DF4631 /* Build configuration list for PBXNativeTarget "SketchAppUITests" */ = {
			isa = XCConfigurationList;
			buildConfigurations = (
				6BBF76C82699E34C00DF4631 /* Debug */,
				6BBF76C92699E34C00DF4631 /* Release */,
			);
			defaultConfigurationIsVisible = 0;
			defaultConfigurationName = Release;
		};
/* End XCConfigurationList section */
	};
	rootObject = 6BBF768C2699E34900DF4631 /* Project object */;
}
